
Microsoft Visual Studio Solution File, Format Version 12.00
# Visual Studio 2012
Project("{FAE04EC0-301F-11D3-BF4B-00C04F79EFBC}") = "FrameLayoutSample", "FrameLayoutSample\FrameLayoutSample.csproj", "{3B2BF6E2-0F2A-4EB7-9F6E-FF670991FF68}"
EndProject
Project("{FAE04EC0-301F-11D3-BF4B-00C04F79EFBC}") = "FrameLayoutSample.iOS", "iOS\FrameLayoutSample.iOS.csproj", "{6025D895-BE65-4076-95DD-A062193AACC7}"
EndProject
Project("{FAE04EC0-301F-11D3-BF4B-00C04F79EFBC}") = "FrameLayoutSample.Droid", "Droid\FrameLayoutSample.Droid.csproj", "{1EA48A55-9419-4776-9963-9FDA45DCCF80}"
EndProject
Global
	GlobalSection(SolutionConfigurationPlatforms) = preSolution
		Debug|Any CPU = Debug|Any CPU
		Release|Any CPU = Release|Any CPU
		Debug|iPhoneSimulator = Debug|iPhoneSimulator
		Release|iPhone = Release|iPhone
		Release|iPhoneSimulator = Release|iPhoneSimulator
		Debug|iPhone = Debug|iPhone
	EndGlobalSection
	GlobalSection(ProjectConfigurationPlatforms) = postSolution
		{1EA48A55-9419-4776-9963-9FDA45DCCF80}.Debug|Any CPU.ActiveCfg = Debug|Any CPU
		{1EA48A55-9419-4776-9963-9FDA45DCCF80}.Debug|Any CPU.Build.0 = Debug|Any CPU
		{1EA48A55-9419-4776-9963-9FDA45DCCF80}.Debug|iPhone.ActiveCfg = Debug|Any CPU
		{1EA48A55-9419-4776-9963-9FDA45DCCF80}.Debug|iPhone.Build.0 = Debug|Any CPU
		{1EA48A55-9419-4776-9963-9FDA45DCCF80}.Debug|iPhoneSimulator.ActiveCfg = Debug|Any CPU
		{1EA48A55-9419-4776-9963-9FDA45DCCF80}.Debug|iPhoneSimulator.Build.0 = Debug|Any CPU
		{1EA48A55-9419-4776-9963-9FDA45DCCF80}.Release|Any CPU.ActiveCfg = Release|Any CPU
		{1EA48A55-9419-4776-9963-9FDA45DCCF80}.Release|Any CPU.Build.0 = Release|Any CPU
		{1EA48A55-9419-4776-9963-9FDA45DCCF80}.Release|iPhone.ActiveCfg = Release|Any CPU
		{1EA48A55-9419-4776-9963-9FDA45DCCF80}.Release|iPhone.Build.0 = Release|Any CPU
		{1EA48A55-9419-4776-9963-9FDA45DCCF80}.Release|iPhoneSimulator.ActiveCfg = Release|Any CPU
		{1EA48A55-9419-4776-9963-9FDA45DCCF80}.Release|iPhoneSimulator.Build.0 = Release|Any CPU
		{3B2BF6E2-0F2A-4EB7-9F6E-FF670991FF68}.Debug|Any CPU.ActiveCfg = Debug|Any CPU
		{3B2BF6E2-0F2A-4EB7-9F6E-FF670991FF68}.Debug|Any CPU.Build.0 = Debug|Any CPU
		{3B2BF6E2-0F2A-4EB7-9F6E-FF670991FF68}.Debug|iPhone.ActiveCfg = Debug|Any CPU
		{3B2BF6E2-0F2A-4EB7-9F6E-FF670991FF68}.Debug|iPhone.Build.0 = Debug|Any CPU
		{3B2BF6E2-0F2A-4EB7-9F6E-FF670991FF68}.Debug|iPhoneSimulator.ActiveCfg = Debug|Any CPU
		{3B2BF6E2-0F2A-4EB7-9F6E-FF670991FF68}.Debug|iPhoneSimulator.Build.0 = Debug|Any CPU
		{3B2BF6E2-0F2A-4EB7-9F6E-FF670991FF68}.Release|Any CPU.ActiveCfg = Release|Any CPU
		{3B2BF6E2-0F2A-4EB7-9F6E-FF670991FF68}.Release|Any CPU.Build.0 = Release|Any CPU
		{3B2BF6E2-0F2A-4EB7-9F6E-FF670991FF68}.Release|iPhone.ActiveCfg = Release|Any CPU
		{3B2BF6E2-0F2A-4EB7-9F6E-FF670991FF68}.Release|iPhone.Build.0 = Release|Any CPU
		{3B2BF6E2-0F2A-4EB7-9F6E-FF670991FF68}.Release|iPhoneSimulator.ActiveCfg = Release|Any CPU
		{3B2BF6E2-0F2A-4EB7-9F6E-FF670991FF68}.Release|iPhoneSimulator.Build.0 = Release|Any CPU
		{6025D895-BE65-4076-95DD-A062193AACC7}.Debug|Any CPU.ActiveCfg = Debug|iPhoneSimulator
		{6025D895-BE65-4076-95DD-A062193AACC7}.Debug|Any CPU.Build.0 = Debug|iPhoneSimulator
		{6025D895-BE65-4076-95DD-A062193AACC7}.Debug|iPhone.ActiveCfg = Debug|iPhone
		{6025D895-BE65-4076-95DD-A062193AACC7}.Debug|iPhone.Build.0 = Debug|iPhone
		{6025D895-BE65-4076-95DD-A062193AACC7}.Debug|iPhoneSimulator.ActiveCfg = Debug|iPhoneSimulator
		{6025D895-BE65-4076-95DD-A062193AACC7}.Debug|iPhoneSimulator.Build.0 = Debug|iPhoneSimulator
		{6025D895-BE65-4076-95DD-A062193AACC7}.Release|Any CPU.ActiveCfg = Release|iPhone
		{6025D895-BE65-4076-95DD-A062193AACC7}.Release|Any CPU.Build.0 = Release|iPhone
		{6025D895-BE65-4076-95DD-A062193AACC7}.Release|iPhone.ActiveCfg = Release|iPhone
		{6025D895-BE65-4076-95DD-A062193AACC7}.Release|iPhone.Build.0 = Release|iPhone
		{6025D895-BE65-4076-95DD-A062193AACC7}.Release|iPhoneSimulator.ActiveCfg = Release|iPhoneSimulator
		{6025D895-BE65-4076-95DD-A062193AACC7}.Release|iPhoneSimulator.Build.0 = Release|iPhoneSimulator
	EndGlobalSection
EndGlobal
