
Microsoft Visual Studio Solution File, Format Version 12.00
# Visual Studio 2012
Project("{FAE04EC0-301F-11D3-BF4B-00C04F79EFBC}") = "BasicInputOutputSample", "BasicInputOutputSample\BasicInputOutputSample.csproj", "{74817DA7-54C0-42BA-9405-346AE690E89F}"
EndProject
Project("{FAE04EC0-301F-11D3-BF4B-00C04F79EFBC}") = "BasicInputOutputSample.iOS", "iOS\BasicInputOutputSample.iOS.csproj", "{4E9422D4-614C-4739-B1B4-09827CE5FEA9}"
EndProject
Project("{FAE04EC0-301F-11D3-BF4B-00C04F79EFBC}") = "BasicInputOutputSample.Droid", "Droid\BasicInputOutputSample.Droid.csproj", "{DF10EF6B-A99D-4281-8E02-D4C05D9C086A}"
EndProject
Global
	GlobalSection(SolutionConfigurationPlatforms) = preSolution
		Debug|Any CPU = Debug|Any CPU
		Release|Any CPU = Release|Any CPU
		Debug|iPhoneSimulator = Debug|iPhoneSimulator
		Release|iPhone = Release|iPhone
		Release|iPhoneSimulator = Release|iPhoneSimulator
		Debug|iPhone = Debug|iPhone
	EndGlobalSection
	GlobalSection(ProjectConfigurationPlatforms) = postSolution
		{4E9422D4-614C-4739-B1B4-09827CE5FEA9}.Debug|Any CPU.ActiveCfg = Debug|iPhoneSimulator
		{4E9422D4-614C-4739-B1B4-09827CE5FEA9}.Debug|Any CPU.Build.0 = Debug|iPhoneSimulator
		{4E9422D4-614C-4739-B1B4-09827CE5FEA9}.Debug|iPhone.ActiveCfg = Debug|iPhone
		{4E9422D4-614C-4739-B1B4-09827CE5FEA9}.Debug|iPhone.Build.0 = Debug|iPhone
		{4E9422D4-614C-4739-B1B4-09827CE5FEA9}.Debug|iPhoneSimulator.ActiveCfg = Debug|iPhoneSimulator
		{4E9422D4-614C-4739-B1B4-09827CE5FEA9}.Debug|iPhoneSimulator.Build.0 = Debug|iPhoneSimulator
		{4E9422D4-614C-4739-B1B4-09827CE5FEA9}.Release|Any CPU.ActiveCfg = Release|iPhone
		{4E9422D4-614C-4739-B1B4-09827CE5FEA9}.Release|Any CPU.Build.0 = Release|iPhone
		{4E9422D4-614C-4739-B1B4-09827CE5FEA9}.Release|iPhone.ActiveCfg = Release|iPhone
		{4E9422D4-614C-4739-B1B4-09827CE5FEA9}.Release|iPhone.Build.0 = Release|iPhone
		{4E9422D4-614C-4739-B1B4-09827CE5FEA9}.Release|iPhoneSimulator.ActiveCfg = Release|iPhoneSimulator
		{4E9422D4-614C-4739-B1B4-09827CE5FEA9}.Release|iPhoneSimulator.Build.0 = Release|iPhoneSimulator
		{74817DA7-54C0-42BA-9405-346AE690E89F}.Debug|Any CPU.ActiveCfg = Debug|Any CPU
		{74817DA7-54C0-42BA-9405-346AE690E89F}.Debug|Any CPU.Build.0 = Debug|Any CPU
		{74817DA7-54C0-42BA-9405-346AE690E89F}.Debug|iPhone.ActiveCfg = Debug|Any CPU
		{74817DA7-54C0-42BA-9405-346AE690E89F}.Debug|iPhone.Build.0 = Debug|Any CPU
		{74817DA7-54C0-42BA-9405-346AE690E89F}.Debug|iPhoneSimulator.ActiveCfg = Debug|Any CPU
		{74817DA7-54C0-42BA-9405-346AE690E89F}.Debug|iPhoneSimulator.Build.0 = Debug|Any CPU
		{74817DA7-54C0-42BA-9405-346AE690E89F}.Release|Any CPU.ActiveCfg = Release|Any CPU
		{74817DA7-54C0-42BA-9405-346AE690E89F}.Release|Any CPU.Build.0 = Release|Any CPU
		{74817DA7-54C0-42BA-9405-346AE690E89F}.Release|iPhone.ActiveCfg = Release|Any CPU
		{74817DA7-54C0-42BA-9405-346AE690E89F}.Release|iPhone.Build.0 = Release|Any CPU
		{74817DA7-54C0-42BA-9405-346AE690E89F}.Release|iPhoneSimulator.ActiveCfg = Release|Any CPU
		{74817DA7-54C0-42BA-9405-346AE690E89F}.Release|iPhoneSimulator.Build.0 = Release|Any CPU
		{DF10EF6B-A99D-4281-8E02-D4C05D9C086A}.Debug|Any CPU.ActiveCfg = Debug|Any CPU
		{DF10EF6B-A99D-4281-8E02-D4C05D9C086A}.Debug|Any CPU.Build.0 = Debug|Any CPU
		{DF10EF6B-A99D-4281-8E02-D4C05D9C086A}.Debug|iPhone.ActiveCfg = Debug|Any CPU
		{DF10EF6B-A99D-4281-8E02-D4C05D9C086A}.Debug|iPhone.Build.0 = Debug|Any CPU
		{DF10EF6B-A99D-4281-8E02-D4C05D9C086A}.Debug|iPhoneSimulator.ActiveCfg = Debug|Any CPU
		{DF10EF6B-A99D-4281-8E02-D4C05D9C086A}.Debug|iPhoneSimulator.Build.0 = Debug|Any CPU
		{DF10EF6B-A99D-4281-8E02-D4C05D9C086A}.Release|Any CPU.ActiveCfg = Release|Any CPU
		{DF10EF6B-A99D-4281-8E02-D4C05D9C086A}.Release|Any CPU.Build.0 = Release|Any CPU
		{DF10EF6B-A99D-4281-8E02-D4C05D9C086A}.Release|iPhone.ActiveCfg = Release|Any CPU
		{DF10EF6B-A99D-4281-8E02-D4C05D9C086A}.Release|iPhone.Build.0 = Release|Any CPU
		{DF10EF6B-A99D-4281-8E02-D4C05D9C086A}.Release|iPhoneSimulator.ActiveCfg = Release|Any CPU
		{DF10EF6B-A99D-4281-8E02-D4C05D9C086A}.Release|iPhoneSimulator.Build.0 = Release|Any CPU
	EndGlobalSection
EndGlobal
