
Microsoft Visual Studio Solution File, Format Version 12.00
# Visual Studio 2012
Project("{FAE04EC0-301F-11D3-BF4B-00C04F79EFBC}") = "ContentViewSample", "ContentViewSample\ContentViewSample.csproj", "{3A737998-36C6-4908-BBF4-92B75036E282}"
EndProject
Project("{FAE04EC0-301F-11D3-BF4B-00C04F79EFBC}") = "ContentViewSample.iOS", "iOS\ContentViewSample.iOS.csproj", "{1B64970E-70D8-43CB-85AC-C9839149A948}"
EndProject
Project("{FAE04EC0-301F-11D3-BF4B-00C04F79EFBC}") = "ContentViewSample.Droid", "Droid\ContentViewSample.Droid.csproj", "{2E330500-2E3E-4220-A021-694FAAFF3048}"
EndProject
Global
	GlobalSection(SolutionConfigurationPlatforms) = preSolution
		Debug|Any CPU = Debug|Any CPU
		Release|Any CPU = Release|Any CPU
		Debug|iPhoneSimulator = Debug|iPhoneSimulator
		Release|iPhone = Release|iPhone
		Release|iPhoneSimulator = Release|iPhoneSimulator
		Debug|iPhone = Debug|iPhone
	EndGlobalSection
	GlobalSection(ProjectConfigurationPlatforms) = postSolution
		{1B64970E-70D8-43CB-85AC-C9839149A948}.Debug|Any CPU.ActiveCfg = Debug|iPhoneSimulator
		{1B64970E-70D8-43CB-85AC-C9839149A948}.Debug|Any CPU.Build.0 = Debug|iPhoneSimulator
		{1B64970E-70D8-43CB-85AC-C9839149A948}.Debug|iPhone.ActiveCfg = Debug|iPhone
		{1B64970E-70D8-43CB-85AC-C9839149A948}.Debug|iPhone.Build.0 = Debug|iPhone
		{1B64970E-70D8-43CB-85AC-C9839149A948}.Debug|iPhoneSimulator.ActiveCfg = Debug|iPhoneSimulator
		{1B64970E-70D8-43CB-85AC-C9839149A948}.Debug|iPhoneSimulator.Build.0 = Debug|iPhoneSimulator
		{1B64970E-70D8-43CB-85AC-C9839149A948}.Release|Any CPU.ActiveCfg = Release|iPhone
		{1B64970E-70D8-43CB-85AC-C9839149A948}.Release|Any CPU.Build.0 = Release|iPhone
		{1B64970E-70D8-43CB-85AC-C9839149A948}.Release|iPhone.ActiveCfg = Release|iPhone
		{1B64970E-70D8-43CB-85AC-C9839149A948}.Release|iPhone.Build.0 = Release|iPhone
		{1B64970E-70D8-43CB-85AC-C9839149A948}.Release|iPhoneSimulator.ActiveCfg = Release|iPhoneSimulator
		{1B64970E-70D8-43CB-85AC-C9839149A948}.Release|iPhoneSimulator.Build.0 = Release|iPhoneSimulator
		{2E330500-2E3E-4220-A021-694FAAFF3048}.Debug|Any CPU.ActiveCfg = Debug|Any CPU
		{2E330500-2E3E-4220-A021-694FAAFF3048}.Debug|Any CPU.Build.0 = Debug|Any CPU
		{2E330500-2E3E-4220-A021-694FAAFF3048}.Debug|iPhone.ActiveCfg = Debug|Any CPU
		{2E330500-2E3E-4220-A021-694FAAFF3048}.Debug|iPhone.Build.0 = Debug|Any CPU
		{2E330500-2E3E-4220-A021-694FAAFF3048}.Debug|iPhoneSimulator.ActiveCfg = Debug|Any CPU
		{2E330500-2E3E-4220-A021-694FAAFF3048}.Debug|iPhoneSimulator.Build.0 = Debug|Any CPU
		{2E330500-2E3E-4220-A021-694FAAFF3048}.Release|Any CPU.ActiveCfg = Release|Any CPU
		{2E330500-2E3E-4220-A021-694FAAFF3048}.Release|Any CPU.Build.0 = Release|Any CPU
		{2E330500-2E3E-4220-A021-694FAAFF3048}.Release|iPhone.ActiveCfg = Release|Any CPU
		{2E330500-2E3E-4220-A021-694FAAFF3048}.Release|iPhone.Build.0 = Release|Any CPU
		{2E330500-2E3E-4220-A021-694FAAFF3048}.Release|iPhoneSimulator.ActiveCfg = Release|Any CPU
		{2E330500-2E3E-4220-A021-694FAAFF3048}.Release|iPhoneSimulator.Build.0 = Release|Any CPU
		{3A737998-36C6-4908-BBF4-92B75036E282}.Debug|Any CPU.ActiveCfg = Debug|Any CPU
		{3A737998-36C6-4908-BBF4-92B75036E282}.Debug|Any CPU.Build.0 = Debug|Any CPU
		{3A737998-36C6-4908-BBF4-92B75036E282}.Debug|iPhone.ActiveCfg = Debug|Any CPU
		{3A737998-36C6-4908-BBF4-92B75036E282}.Debug|iPhone.Build.0 = Debug|Any CPU
		{3A737998-36C6-4908-BBF4-92B75036E282}.Debug|iPhoneSimulator.ActiveCfg = Debug|Any CPU
		{3A737998-36C6-4908-BBF4-92B75036E282}.Debug|iPhoneSimulator.Build.0 = Debug|Any CPU
		{3A737998-36C6-4908-BBF4-92B75036E282}.Release|Any CPU.ActiveCfg = Release|Any CPU
		{3A737998-36C6-4908-BBF4-92B75036E282}.Release|Any CPU.Build.0 = Release|Any CPU
		{3A737998-36C6-4908-BBF4-92B75036E282}.Release|iPhone.ActiveCfg = Release|Any CPU
		{3A737998-36C6-4908-BBF4-92B75036E282}.Release|iPhone.Build.0 = Release|Any CPU
		{3A737998-36C6-4908-BBF4-92B75036E282}.Release|iPhoneSimulator.ActiveCfg = Release|Any CPU
		{3A737998-36C6-4908-BBF4-92B75036E282}.Release|iPhoneSimulator.Build.0 = Release|Any CPU
	EndGlobalSection
EndGlobal
