
Microsoft Visual Studio Solution File, Format Version 12.00
# Visual Studio 2012
Project("{FAE04EC0-301F-11D3-BF4B-00C04F79EFBC}") = "SliderSample", "SliderSample\SliderSample.csproj", "{835EAF03-7B52-45BD-B4B6-704BB5AFAB13}"
EndProject
Project("{FAE04EC0-301F-11D3-BF4B-00C04F79EFBC}") = "SliderSample.iOS", "iOS\SliderSample.iOS.csproj", "{48AB2DE1-F7BC-47B2-90AA-2F1CF40B978D}"
EndProject
Project("{FAE04EC0-301F-11D3-BF4B-00C04F79EFBC}") = "SliderSample.Droid", "Droid\SliderSample.Droid.csproj", "{45FB8EF6-A04A-49DC-88DE-C654AFA8FB94}"
EndProject
Global
	GlobalSection(SolutionConfigurationPlatforms) = preSolution
		Debug|Any CPU = Debug|Any CPU
		Release|Any CPU = Release|Any CPU
		Debug|iPhoneSimulator = Debug|iPhoneSimulator
		Release|iPhone = Release|iPhone
		Release|iPhoneSimulator = Release|iPhoneSimulator
		Debug|iPhone = Debug|iPhone
	EndGlobalSection
	GlobalSection(ProjectConfigurationPlatforms) = postSolution
		{45FB8EF6-A04A-49DC-88DE-C654AFA8FB94}.Debug|Any CPU.ActiveCfg = Debug|Any CPU
		{45FB8EF6-A04A-49DC-88DE-C654AFA8FB94}.Debug|Any CPU.Build.0 = Debug|Any CPU
		{45FB8EF6-A04A-49DC-88DE-C654AFA8FB94}.Debug|iPhone.ActiveCfg = Debug|Any CPU
		{45FB8EF6-A04A-49DC-88DE-C654AFA8FB94}.Debug|iPhone.Build.0 = Debug|Any CPU
		{45FB8EF6-A04A-49DC-88DE-C654AFA8FB94}.Debug|iPhoneSimulator.ActiveCfg = Debug|Any CPU
		{45FB8EF6-A04A-49DC-88DE-C654AFA8FB94}.Debug|iPhoneSimulator.Build.0 = Debug|Any CPU
		{45FB8EF6-A04A-49DC-88DE-C654AFA8FB94}.Release|Any CPU.ActiveCfg = Release|Any CPU
		{45FB8EF6-A04A-49DC-88DE-C654AFA8FB94}.Release|Any CPU.Build.0 = Release|Any CPU
		{45FB8EF6-A04A-49DC-88DE-C654AFA8FB94}.Release|iPhone.ActiveCfg = Release|Any CPU
		{45FB8EF6-A04A-49DC-88DE-C654AFA8FB94}.Release|iPhone.Build.0 = Release|Any CPU
		{45FB8EF6-A04A-49DC-88DE-C654AFA8FB94}.Release|iPhoneSimulator.ActiveCfg = Release|Any CPU
		{45FB8EF6-A04A-49DC-88DE-C654AFA8FB94}.Release|iPhoneSimulator.Build.0 = Release|Any CPU
		{48AB2DE1-F7BC-47B2-90AA-2F1CF40B978D}.Debug|Any CPU.ActiveCfg = Debug|iPhoneSimulator
		{48AB2DE1-F7BC-47B2-90AA-2F1CF40B978D}.Debug|Any CPU.Build.0 = Debug|iPhoneSimulator
		{48AB2DE1-F7BC-47B2-90AA-2F1CF40B978D}.Debug|iPhone.ActiveCfg = Debug|iPhone
		{48AB2DE1-F7BC-47B2-90AA-2F1CF40B978D}.Debug|iPhone.Build.0 = Debug|iPhone
		{48AB2DE1-F7BC-47B2-90AA-2F1CF40B978D}.Debug|iPhoneSimulator.ActiveCfg = Debug|iPhoneSimulator
		{48AB2DE1-F7BC-47B2-90AA-2F1CF40B978D}.Debug|iPhoneSimulator.Build.0 = Debug|iPhoneSimulator
		{48AB2DE1-F7BC-47B2-90AA-2F1CF40B978D}.Release|Any CPU.ActiveCfg = Release|iPhone
		{48AB2DE1-F7BC-47B2-90AA-2F1CF40B978D}.Release|Any CPU.Build.0 = Release|iPhone
		{48AB2DE1-F7BC-47B2-90AA-2F1CF40B978D}.Release|iPhone.ActiveCfg = Release|iPhone
		{48AB2DE1-F7BC-47B2-90AA-2F1CF40B978D}.Release|iPhone.Build.0 = Release|iPhone
		{48AB2DE1-F7BC-47B2-90AA-2F1CF40B978D}.Release|iPhoneSimulator.ActiveCfg = Release|iPhoneSimulator
		{48AB2DE1-F7BC-47B2-90AA-2F1CF40B978D}.Release|iPhoneSimulator.Build.0 = Release|iPhoneSimulator
		{835EAF03-7B52-45BD-B4B6-704BB5AFAB13}.Debug|Any CPU.ActiveCfg = Debug|Any CPU
		{835EAF03-7B52-45BD-B4B6-704BB5AFAB13}.Debug|Any CPU.Build.0 = Debug|Any CPU
		{835EAF03-7B52-45BD-B4B6-704BB5AFAB13}.Debug|iPhone.ActiveCfg = Debug|Any CPU
		{835EAF03-7B52-45BD-B4B6-704BB5AFAB13}.Debug|iPhone.Build.0 = Debug|Any CPU
		{835EAF03-7B52-45BD-B4B6-704BB5AFAB13}.Debug|iPhoneSimulator.ActiveCfg = Debug|Any CPU
		{835EAF03-7B52-45BD-B4B6-704BB5AFAB13}.Debug|iPhoneSimulator.Build.0 = Debug|Any CPU
		{835EAF03-7B52-45BD-B4B6-704BB5AFAB13}.Release|Any CPU.ActiveCfg = Release|Any CPU
		{835EAF03-7B52-45BD-B4B6-704BB5AFAB13}.Release|Any CPU.Build.0 = Release|Any CPU
		{835EAF03-7B52-45BD-B4B6-704BB5AFAB13}.Release|iPhone.ActiveCfg = Release|Any CPU
		{835EAF03-7B52-45BD-B4B6-704BB5AFAB13}.Release|iPhone.Build.0 = Release|Any CPU
		{835EAF03-7B52-45BD-B4B6-704BB5AFAB13}.Release|iPhoneSimulator.ActiveCfg = Release|Any CPU
		{835EAF03-7B52-45BD-B4B6-704BB5AFAB13}.Release|iPhoneSimulator.Build.0 = Release|Any CPU
	EndGlobalSection
EndGlobal
