
Microsoft Visual Studio Solution File, Format Version 12.00
# Visual Studio 2012
Project("{FAE04EC0-301F-11D3-BF4B-00C04F79EFBC}") = "MVVMTestSample", "MVVMTestSample\MVVMTestSample.csproj", "{A1C4E7C1-6DC3-48EE-BF1A-F0CB781BEF6D}"
EndProject
Project("{FAE04EC0-301F-11D3-BF4B-00C04F79EFBC}") = "MVVMTestSample.iOS", "iOS\MVVMTestSample.iOS.csproj", "{D875F2AC-7995-40AA-9992-CDC9D38C21DB}"
EndProject
Project("{FAE04EC0-301F-11D3-BF4B-00C04F79EFBC}") = "MVVMTestSample.Droid", "Droid\MVVMTestSample.Droid.csproj", "{F40DB5E1-EB66-4A71-B26A-0C319B181AB6}"
EndProject
Global
	GlobalSection(SolutionConfigurationPlatforms) = preSolution
		Debug|Any CPU = Debug|Any CPU
		Release|Any CPU = Release|Any CPU
		Debug|iPhoneSimulator = Debug|iPhoneSimulator
		Release|iPhone = Release|iPhone
		Release|iPhoneSimulator = Release|iPhoneSimulator
		Debug|iPhone = Debug|iPhone
	EndGlobalSection
	GlobalSection(ProjectConfigurationPlatforms) = postSolution
		{A1C4E7C1-6DC3-48EE-BF1A-F0CB781BEF6D}.Debug|Any CPU.ActiveCfg = Debug|Any CPU
		{A1C4E7C1-6DC3-48EE-BF1A-F0CB781BEF6D}.Debug|Any CPU.Build.0 = Debug|Any CPU
		{A1C4E7C1-6DC3-48EE-BF1A-F0CB781BEF6D}.Debug|iPhone.ActiveCfg = Debug|Any CPU
		{A1C4E7C1-6DC3-48EE-BF1A-F0CB781BEF6D}.Debug|iPhone.Build.0 = Debug|Any CPU
		{A1C4E7C1-6DC3-48EE-BF1A-F0CB781BEF6D}.Debug|iPhoneSimulator.ActiveCfg = Debug|Any CPU
		{A1C4E7C1-6DC3-48EE-BF1A-F0CB781BEF6D}.Debug|iPhoneSimulator.Build.0 = Debug|Any CPU
		{A1C4E7C1-6DC3-48EE-BF1A-F0CB781BEF6D}.Release|Any CPU.ActiveCfg = Release|Any CPU
		{A1C4E7C1-6DC3-48EE-BF1A-F0CB781BEF6D}.Release|Any CPU.Build.0 = Release|Any CPU
		{A1C4E7C1-6DC3-48EE-BF1A-F0CB781BEF6D}.Release|iPhone.ActiveCfg = Release|Any CPU
		{A1C4E7C1-6DC3-48EE-BF1A-F0CB781BEF6D}.Release|iPhone.Build.0 = Release|Any CPU
		{A1C4E7C1-6DC3-48EE-BF1A-F0CB781BEF6D}.Release|iPhoneSimulator.ActiveCfg = Release|Any CPU
		{A1C4E7C1-6DC3-48EE-BF1A-F0CB781BEF6D}.Release|iPhoneSimulator.Build.0 = Release|Any CPU
		{D875F2AC-7995-40AA-9992-CDC9D38C21DB}.Debug|Any CPU.ActiveCfg = Debug|iPhoneSimulator
		{D875F2AC-7995-40AA-9992-CDC9D38C21DB}.Debug|Any CPU.Build.0 = Debug|iPhoneSimulator
		{D875F2AC-7995-40AA-9992-CDC9D38C21DB}.Debug|iPhone.ActiveCfg = Debug|iPhone
		{D875F2AC-7995-40AA-9992-CDC9D38C21DB}.Debug|iPhone.Build.0 = Debug|iPhone
		{D875F2AC-7995-40AA-9992-CDC9D38C21DB}.Debug|iPhoneSimulator.ActiveCfg = Debug|iPhoneSimulator
		{D875F2AC-7995-40AA-9992-CDC9D38C21DB}.Debug|iPhoneSimulator.Build.0 = Debug|iPhoneSimulator
		{D875F2AC-7995-40AA-9992-CDC9D38C21DB}.Release|Any CPU.ActiveCfg = Release|iPhone
		{D875F2AC-7995-40AA-9992-CDC9D38C21DB}.Release|Any CPU.Build.0 = Release|iPhone
		{D875F2AC-7995-40AA-9992-CDC9D38C21DB}.Release|iPhone.ActiveCfg = Release|iPhone
		{D875F2AC-7995-40AA-9992-CDC9D38C21DB}.Release|iPhone.Build.0 = Release|iPhone
		{D875F2AC-7995-40AA-9992-CDC9D38C21DB}.Release|iPhoneSimulator.ActiveCfg = Release|iPhoneSimulator
		{D875F2AC-7995-40AA-9992-CDC9D38C21DB}.Release|iPhoneSimulator.Build.0 = Release|iPhoneSimulator
		{F40DB5E1-EB66-4A71-B26A-0C319B181AB6}.Debug|Any CPU.ActiveCfg = Debug|Any CPU
		{F40DB5E1-EB66-4A71-B26A-0C319B181AB6}.Debug|Any CPU.Build.0 = Debug|Any CPU
		{F40DB5E1-EB66-4A71-B26A-0C319B181AB6}.Debug|iPhone.ActiveCfg = Debug|Any CPU
		{F40DB5E1-EB66-4A71-B26A-0C319B181AB6}.Debug|iPhone.Build.0 = Debug|Any CPU
		{F40DB5E1-EB66-4A71-B26A-0C319B181AB6}.Debug|iPhoneSimulator.ActiveCfg = Debug|Any CPU
		{F40DB5E1-EB66-4A71-B26A-0C319B181AB6}.Debug|iPhoneSimulator.Build.0 = Debug|Any CPU
		{F40DB5E1-EB66-4A71-B26A-0C319B181AB6}.Release|Any CPU.ActiveCfg = Release|Any CPU
		{F40DB5E1-EB66-4A71-B26A-0C319B181AB6}.Release|Any CPU.Build.0 = Release|Any CPU
		{F40DB5E1-EB66-4A71-B26A-0C319B181AB6}.Release|iPhone.ActiveCfg = Release|Any CPU
		{F40DB5E1-EB66-4A71-B26A-0C319B181AB6}.Release|iPhone.Build.0 = Release|Any CPU
		{F40DB5E1-EB66-4A71-B26A-0C319B181AB6}.Release|iPhoneSimulator.ActiveCfg = Release|Any CPU
		{F40DB5E1-EB66-4A71-B26A-0C319B181AB6}.Release|iPhoneSimulator.Build.0 = Release|Any CPU
	EndGlobalSection
EndGlobal
